github.com/samuel/go-zookeeper v0.0.0-20190923202752-2cc03de413da h1:p3Vo3i64TCLY7gIfzeQaUJ+kppEO5WQG3cL8iE8tGHU=
github.com/samuel/go-zookeeper v0.0.0-20190923202752-2cc03de413da/go.mod h1:gi+0XIa01GRL2eRQVjQkKGqKF3SF9vZR/HnPullcV2E=
github.com/smartwalle/nmutex v0.0.2 h1:mWGh5swO5PYO3QvOerJ0HOiUq5cBZ/ZdcNtFL/I3qcc=
github.com/smartwalle/nmutex v0.0.2/go.mod h1:pTIxZ8XrOBAut/FInFLiC5Q7FC5SRQiDZj2aMV3rESU=
